
Microsoft Visual Studio Solution File, Format Version 12.00
# Visual Studio Version 17
VisualStudioVersion = 17.6.33829.357
MinimumVisualStudioVersion = 10.0.40219.1
Project("{9A19103F-16F7-4668-BE54-9A1E7A4F7556}") = "GCScript.Shared", "GCScript.Shared\GCScript.Shared.csproj", "{8966E0B7-3281-4F26-8981-31365945717A}"
EndProject
Project("{2150E333-8FDC-42A3-9474-1A3956D46DE8}") = "99 - Shared", "99 - Shared", "{E64FADBA-5127-4091-9D84-95A330DC4C21}"
EndProject
Project("{2150E333-8FDC-42A3-9474-1A3956D46DE8}") = "01 - Client", "01 - Client", "{995A3304-1E9B-42A7-A679-0697C544B2D2}"
EndProject
Project("{9A19103F-16F7-4668-BE54-9A1E7A4F7556}") = "GCScript.Client.Windows", "GCScript.Client.Windows\GCScript.Client.Windows.csproj", "{D4740533-0085-4E8B-BDFD-3B5A069D0B06}"
EndProject
Project("{2150E333-8FDC-42A3-9474-1A3956D46DE8}") = "03 - Database", "03 - Database", "{F0742297-B83E-4EA9-9E9E-6DE623761137}"
EndProject
Project("{2150E333-8FDC-42A3-9474-1A3956D46DE8}") = "04 - Operator", "04 - Operator", "{AF45D272-13DA-45C3-A78E-53B02D3C7BF0}"
EndProject
Project("{9A19103F-16F7-4668-BE54-9A1E7A4F7556}") = "GCScript.Operator", "GCScript.Operator\GCScript.Operator.csproj", "{08CC28D1-068A-4263-9D8D-51D16064482D}"
EndProject
Project("{9A19103F-16F7-4668-BE54-9A1E7A4F7556}") = "GCScript.Database.MongoDB", "GCScript.Database.MongoDB\GCScript.Database.MongoDB.csproj", "{DB1C5933-CDCE-4BD0-BD98-D7A6FCFDB2C6}"
EndProject
Project("{9A19103F-16F7-4668-BE54-9A1E7A4F7556}") = "GCScript.Automate", "GCScript.Automate\GCScript.Automate.csproj", "{36453809-1F3D-49D8-8D9E-156323FEA1CC}"
EndProject
Project("{2150E333-8FDC-42A3-9474-1A3956D46DE8}") = "05 - Automate", "05 - Automate", "{D5274FCA-7E55-49EE-B5F4-765F3F06D77E}"
EndProject
Project("{2150E333-8FDC-42A3-9474-1A3956D46DE8}") = "02 - Core", "02 - Core", "{B0E4A4D5-4FB1-48C0-9BB4-9057D8093086}"
EndProject
Project("{9A19103F-16F7-4668-BE54-9A1E7A4F7556}") = "GCScript.Core", "GCScript.Core\GCScript.Core.csproj", "{711B6ED2-D8CF-42D4-9D8A-457377BBBE46}"
EndProject
Project("{FAE04EC0-301F-11D3-BF4B-00C04F79EFBC}") = "GCScript.Client.Windows.Avalonia", "GCScript.Client.Windows.Avalonia\GCScript.Client.Windows.Avalonia.csproj", "{C49CDDF2-8899-4C2E-AB33-6330FCF8F15B}"
EndProject
Global
	GlobalSection(SolutionConfigurationPlatforms) = preSolution
		Debug|Any CPU = Debug|Any CPU
		Release|Any CPU = Release|Any CPU
	EndGlobalSection
	GlobalSection(ProjectConfigurationPlatforms) = postSolution
		{8966E0B7-3281-4F26-8981-31365945717A}.Debug|Any CPU.ActiveCfg = Debug|Any CPU
		{8966E0B7-3281-4F26-8981-31365945717A}.Debug|Any CPU.Build.0 = Debug|Any CPU
		{8966E0B7-3281-4F26-8981-31365945717A}.Release|Any CPU.ActiveCfg = Release|Any CPU
		{8966E0B7-3281-4F26-8981-31365945717A}.Release|Any CPU.Build.0 = Release|Any CPU
		{D4740533-0085-4E8B-BDFD-3B5A069D0B06}.Debug|Any CPU.ActiveCfg = Debug|Any CPU
		{D4740533-0085-4E8B-BDFD-3B5A069D0B06}.Debug|Any CPU.Build.0 = Debug|Any CPU
		{D4740533-0085-4E8B-BDFD-3B5A069D0B06}.Release|Any CPU.ActiveCfg = Release|Any CPU
		{D4740533-0085-4E8B-BDFD-3B5A069D0B06}.Release|Any CPU.Build.0 = Release|Any CPU
		{08CC28D1-068A-4263-9D8D-51D16064482D}.Debug|Any CPU.ActiveCfg = Debug|Any CPU
		{08CC28D1-068A-4263-9D8D-51D16064482D}.Debug|Any CPU.Build.0 = Debug|Any CPU
		{08CC28D1-068A-4263-9D8D-51D16064482D}.Release|Any CPU.ActiveCfg = Release|Any CPU
		{08CC28D1-068A-4263-9D8D-51D16064482D}.Release|Any CPU.Build.0 = Release|Any CPU
		{DB1C5933-CDCE-4BD0-BD98-D7A6FCFDB2C6}.Debug|Any CPU.ActiveCfg = Debug|Any CPU
		{DB1C5933-CDCE-4BD0-BD98-D7A6FCFDB2C6}.Debug|Any CPU.Build.0 = Debug|Any CPU
		{DB1C5933-CDCE-4BD0-BD98-D7A6FCFDB2C6}.Release|Any CPU.ActiveCfg = Release|Any CPU
		{DB1C5933-CDCE-4BD0-BD98-D7A6FCFDB2C6}.Release|Any CPU.Build.0 = Release|Any CPU
		{36453809-1F3D-49D8-8D9E-156323FEA1CC}.Debug|Any CPU.ActiveCfg = Debug|Any CPU
		{36453809-1F3D-49D8-8D9E-156323FEA1CC}.Debug|Any CPU.Build.0 = Debug|Any CPU
		{36453809-1F3D-49D8-8D9E-156323FEA1CC}.Release|Any CPU.ActiveCfg = Release|Any CPU
		{36453809-1F3D-49D8-8D9E-156323FEA1CC}.Release|Any CPU.Build.0 = Release|Any CPU
		{711B6ED2-D8CF-42D4-9D8A-457377BBBE46}.Debug|Any CPU.ActiveCfg = Debug|Any CPU
		{711B6ED2-D8CF-42D4-9D8A-457377BBBE46}.Debug|Any CPU.Build.0 = Debug|Any CPU
		{711B6ED2-D8CF-42D4-9D8A-457377BBBE46}.Release|Any CPU.ActiveCfg = Release|Any CPU
		{711B6ED2-D8CF-42D4-9D8A-457377BBBE46}.Release|Any CPU.Build.0 = Release|Any CPU
		{C49CDDF2-8899-4C2E-AB33-6330FCF8F15B}.Debug|Any CPU.ActiveCfg = Debug|Any CPU
		{C49CDDF2-8899-4C2E-AB33-6330FCF8F15B}.Debug|Any CPU.Build.0 = Debug|Any CPU
		{C49CDDF2-8899-4C2E-AB33-6330FCF8F15B}.Release|Any CPU.ActiveCfg = Release|Any CPU
		{C49CDDF2-8899-4C2E-AB33-6330FCF8F15B}.Release|Any CPU.Build.0 = Release|Any CPU
	EndGlobalSection
	GlobalSection(SolutionProperties) = preSolution
		HideSolutionNode = FALSE
	EndGlobalSection
	GlobalSection(NestedProjects) = preSolution
		{8966E0B7-3281-4F26-8981-31365945717A} = {E64FADBA-5127-4091-9D84-95A330DC4C21}
		{D4740533-0085-4E8B-BDFD-3B5A069D0B06} = {995A3304-1E9B-42A7-A679-0697C544B2D2}
		{08CC28D1-068A-4263-9D8D-51D16064482D} = {AF45D272-13DA-45C3-A78E-53B02D3C7BF0}
		{DB1C5933-CDCE-4BD0-BD98-D7A6FCFDB2C6} = {F0742297-B83E-4EA9-9E9E-6DE623761137}
		{36453809-1F3D-49D8-8D9E-156323FEA1CC} = {D5274FCA-7E55-49EE-B5F4-765F3F06D77E}
		{711B6ED2-D8CF-42D4-9D8A-457377BBBE46} = {B0E4A4D5-4FB1-48C0-9BB4-9057D8093086}
		{C49CDDF2-8899-4C2E-AB33-6330FCF8F15B} = {995A3304-1E9B-42A7-A679-0697C544B2D2}
	EndGlobalSection
	GlobalSection(ExtensibilityGlobals) = postSolution
		SolutionGuid = {F8D4D8CB-34A6-4C62-9041-2DB574CC46F6}
	EndGlobalSection
EndGlobal
